
Microsoft Visual Studio Solution File, Format Version 12.00
# Visual Studio Version 17
VisualStudioVersion = 17.6.33815.320
MinimumVisualStudioVersion = 10.0.40219.1
Project("{FAE04EC0-301F-11D3-BF4B-00C04F79EFBC}") = "Stage2023", "Stage2023\Stage2023.csproj", "{2F0EA3D5-D982-42DE-9812-B5B065E8DAE0}"
EndProject
Global
	GlobalSection(SolutionConfigurationPlatforms) = preSolution
		Debug|Any CPU = Debug|Any CPU
		Release|Any CPU = Release|Any CPU
	EndGlobalSection
	GlobalSection(ProjectConfigurationPlatforms) = postSolution
		{2F0EA3D5-D982-42DE-9812-B5B065E8DAE0}.Debug|Any CPU.ActiveCfg = Debug|Any CPU
		{2F0EA3D5-D982-42DE-9812-B5B065E8DAE0}.Debug|Any CPU.Build.0 = Debug|Any CPU
		{2F0EA3D5-D982-42DE-9812-B5B065E8DAE0}.Release|Any CPU.ActiveCfg = Release|Any CPU
		{2F0EA3D5-D982-42DE-9812-B5B065E8DAE0}.Release|Any CPU.Build.0 = Release|Any CPU
	EndGlobalSection
	GlobalSection(SolutionProperties) = preSolution
		HideSolutionNode = FALSE
	EndGlobalSection
	GlobalSection(ExtensibilityGlobals) = postSolution
		SolutionGuid = {6BD088F1-4D58-444D-B312-2EEC59330A82}
	EndGlobalSection
EndGlobal
